%{
  "circuits_gpio": {:hex, :circuits_gpio, "0.4.5", "4d5b0f707c425fc56f03086232259f65482a3d1f1cf15335253636d0bb846446", [:make, :mix], [{:elixir_make, "~> 0.6", [hex: :elixir_make, repo: "hexpm", optional: false]}], "hexpm", "b42d28d60a6cfdfb6b21b66ab0b8c5de0ea5a32b390b61d2fe86a2ad8edb90ad"},
  "circuits_i2c": {:hex, :circuits_i2c, "0.3.6", "348b8de3cf1ade6c4b92ad7c9de7068df1af0d441df341d7d126d53671924f64", [:make, :mix], [{:elixir_make, "~> 0.6", [hex: :elixir_make, repo: "hexpm", optional: false]}], "hexpm", "da5b2814e429021f22252867a3fa48d77d7fcabeb3ff8a6c40d549227749b6a7"},
  "circuits_spi": {:hex, :circuits_spi, "0.1.5", "5f1901c77fb982217a956498ba0d9d0d47cc58ec47731020621b5c95eee296c0", [:make, :mix], [{:elixir_make, "~> 0.6", [hex: :elixir_make, repo: "hexpm", optional: false]}], "hexpm", "134e1ded8e0379e3314a507e80a304cf5ba54edf294e157b7e7ecedcdca30dfd"},
  "cowlib": {:hex, :cowlib, "2.6.0", "8aa629f81a0fc189f261dc98a42243fa842625feea3c7ec56c48f4ccdb55490f", [:rebar3], [], "hexpm", "45a1a08e05e4c66f2af665295955e337d52c2d33b1f1cf24d353cadeddf34992"},
  "dialyxir": {:hex, :dialyxir, "1.0.0-rc.4", "71b42f5ee1b7628f3e3a6565f4617dfb02d127a0499ab3e72750455e986df001", [:mix], [{:erlex, "~> 0.1", [hex: :erlex, repo: "hexpm", optional: false]}], "hexpm", "4bba10c6f267a0dd127d687d1295f6a11af6a7f160cc0e261c46f1962a98d7d8"},
  "earmark": {:hex, :earmark, "1.4.5", "62ffd3bd7722fb7a7b1ecd2419ea0b458c356e7168c1f5d65caf09b4fbdd13c8", [:mix], [], "hexpm", "b7d0e6263d83dc27141a523467799a685965bf8b13b6743413f19a7079843f4f"},
  "elixir_make": {:hex, :elixir_make, "0.6.0", "38349f3e29aff4864352084fc736fa7fa0f2995a819a737554f7ebd28b85aaab", [:mix], [], "hexpm", "d522695b93b7f0b4c0fcb2dfe73a6b905b1c301226a5a55cb42e5b14d509e050"},
  "emqtt": {:git, "https://github.com/emqx/emqtt.git", "783c943f7aa1295b99f4a0c20436978eb6b70053", []},
  "emqttc": {:git, "https://github.com/emqx/emqtt.git", "783c943f7aa1295b99f4a0c20436978eb6b70053", []},
  "erlex": {:hex, :erlex, "0.2.6", "c7987d15e899c7a2f34f5420d2a2ea0d659682c06ac607572df55a43753aa12e", [:mix], [], "hexpm", "2ed2e25711feb44d52b17d2780eabf998452f6efda104877a3881c2f8c0c0c75"},
  "eunit_formatters": {:hex, :eunit_formatters, "0.3.1", "7a6fc351eb5b873e2356b8852eb751e20c13a72fbca03393cf682b8483509573", [:rebar3], [], "hexpm", "64a40741429b7aff149c605d5a6135a48046af394a7282074e6003b3b56ae931"},
  "ex_doc": {:hex, :ex_doc, "0.22.1", "9bb6d51508778193a4ea90fa16eac47f8b67934f33f8271d5e1edec2dc0eee4c", [:mix], [{:earmark, "~> 1.4.0", [hex: :earmark, repo: "hexpm", optional: false]}, {:makeup_elixir, "~> 0.14", [hex: :makeup_elixir, repo: "hexpm", optional: false]}], "hexpm", "d957de1b75cb9f78d3ee17820733dc4460114d8b1e11f7ee4fd6546e69b1db60"},
  "goldrush": {:git, "https://github.com/basho/goldrush.git", "8f1b715d36b650ec1e1f5612c00e28af6ab0de82", [tag: "0.1.9"]},
  "gun": {:hex, :gun, "1.3.0", "18e5d269649c987af95aec309f68a27ffc3930531dd227a6eaa0884d6684286e", [:rebar3], [{:cowlib, "~> 2.6.0", [hex: :cowlib, repo: "hexpm", optional: false]}], "hexpm", "279d089773be9886fc2ed0d0c25663cc36b8755356dfd27d63c206ab20b8329a"},
  "lager": {:git, "https://github.com/basho/lager.git", "81eaef0ce98fdbf64ab95665e3bc2ec4b24c7dac", [branch: "master"]},
  "link_blox_cmn": {:git, "https://github.com/mdsebald/link_blox_cmn.git", "1013a5e76e8db49d7524cbfc443392a57531d1cc", []},
  "makeup": {:hex, :makeup, "1.0.3", "e339e2f766d12e7260e6672dd4047405963c5ec99661abdc432e6ec67d29ef95", [:mix], [{:nimble_parsec, "~> 0.5", [hex: :nimble_parsec, repo: "hexpm", optional: false]}], "hexpm", "2e9b4996d11832947731f7608fed7ad2f9443011b3b479ae288011265cdd3dad"},
  "makeup_elixir": {:hex, :makeup_elixir, "0.14.1", "4f0e96847c63c17841d42c08107405a005a2680eb9c7ccadfd757bd31dabccfb", [:mix], [{:makeup, "~> 1.0", [hex: :makeup, repo: "hexpm", optional: false]}], "hexpm", "f2438b1a80eaec9ede832b5c41cd4f373b38fd7aa33e3b22d9db79e640cbde11"},
  "mix_eunit": {:git, "https://github.com/dantswain/mix_eunit.git", "2de69eb7c17807c146f997cf416f3161f4c4b0e6", []},
  "nimble_parsec": {:hex, :nimble_parsec, "0.6.0", "32111b3bf39137144abd7ba1cce0914533b2d16ef35e8abc5ec8be6122944263", [:mix], [], "hexpm", "27eac315a94909d4dc68bc07a4a83e06c8379237c5ea528a9acff4ca1c873c52"},
}
